schema: '2.0'
stages:
  data_load:
    cmd: python src/stages/data_load.py --config=params.yaml
    deps:
    - path: src/stages/data_load.py
      hash: md5
      md5: 2f5d7d039d8b77a71ca43b6714b917b7
      size: 2673
    - path: src/utils/dataloader_utils.py
      hash: md5
      md5: 365855616266e9839898db5f1b2aadac
      size: 10314
    - path: src/utils/dataset_utils.py
      hash: md5
      md5: 8ed10c9089e0a48c62e62d1c79ac0ef5
      size: 5464
    params:
      params.yaml:
        base:
          project: breast_classified
          pkg_list_fname: pkg_list.txt
          random_state: 0
        data_load:
          SLIDE_DIR: data
          TRAIN_CSV_PATH: label/breast.csv
          SLIDE_FILE_EXTENSION: .svs
          INPUT_SIZE:
          - 1558
          - 1558
          - 3
          RESIZE_RATIO: 0.2
          SLIDE_READER: openslide
          DEBUG_PATH:
          NUM_CLASSES: 2
          BATCH_SIZE: 1
          X_Y_Batch_Path: datapreprocessed
          data_dir: data
          MIL_PATCH_SIZE:
          - 224
          - 224
          MIL_INFER_BATCH_SIZE: 32
          MIL_USE_EM: false
          MIL_K: 1
          MIL_SKIP_WHITE: true
    outs:
    - path: datapreprocessed/x_batch.joblib
      hash: md5
      md5: a7911b1a6756a8ed94d1b3bb7cd93696
      size: 602353
    - path: datapreprocessed/y_batch.joblib
      hash: md5
      md5: b2d42563a4208a2a8ac203b4914b312e
      size: 241
